
Microsoft Visual Studio Solution File, Format Version 12.00
# Visual Studio Version 17
VisualStudioVersion = 17.0.31903.59
MinimumVisualStudioVersion = 10.0.40219.1
Project("{2150E333-8FDC-42A3-9474-1A3956D46DE8}") = "src", "src", "{827E0CD3-B72D-47B6-A68D-7590B98EB39B}"
EndProject
Project("{FAE04EC0-301F-11D3-BF4B-00C04F79EFBC}") = "Titanium.CommandDeck", "src\Titanium.CommandDeck\Titanium.CommandDeck.csproj", "{8406CE3D-68BD-4923-BFCC-2202DDA58038}"
EndProject
Project("{2150E333-8FDC-42A3-9474-1A3956D46DE8}") = "tests", "tests", "{0AB3BF05-4346-4AA6-1389-037BE0695223}"
EndProject
Project("{FAE04EC0-301F-11D3-BF4B-00C04F79EFBC}") = "Titanium.CommandDeck.Tests", "tests\Titanium.CommandDeck.Tests\Titanium.CommandDeck.Tests.csproj", "{615EC6F9-DF06-466C-A7A7-62131929CFAA}"
EndProject
Global
	GlobalSection(SolutionConfigurationPlatforms) = preSolution
		Debug|Any CPU = Debug|Any CPU
		Debug|x64 = Debug|x64
		Debug|x86 = Debug|x86
		Release|Any CPU = Release|Any CPU
		Release|x64 = Release|x64
		Release|x86 = Release|x86
	EndGlobalSection
	GlobalSection(ProjectConfigurationPlatforms) = postSolution
		{8406CE3D-68BD-4923-BFCC-2202DDA58038}.Debug|Any CPU.ActiveCfg = Debug|Any CPU
		{8406CE3D-68BD-4923-BFCC-2202DDA58038}.Debug|Any CPU.Build.0 = Debug|Any CPU
		{8406CE3D-68BD-4923-BFCC-2202DDA58038}.Debug|x64.ActiveCfg = Debug|Any CPU
		{8406CE3D-68BD-4923-BFCC-2202DDA58038}.Debug|x64.Build.0 = Debug|Any CPU
		{8406CE3D-68BD-4923-BFCC-2202DDA58038}.Debug|x86.ActiveCfg = Debug|Any CPU
		{8406CE3D-68BD-4923-BFCC-2202DDA58038}.Debug|x86.Build.0 = Debug|Any CPU
		{8406CE3D-68BD-4923-BFCC-2202DDA58038}.Release|Any CPU.ActiveCfg = Release|Any CPU
		{8406CE3D-68BD-4923-BFCC-2202DDA58038}.Release|Any CPU.Build.0 = Release|Any CPU
		{8406CE3D-68BD-4923-BFCC-2202DDA58038}.Release|x64.ActiveCfg = Release|Any CPU
		{8406CE3D-68BD-4923-BFCC-2202DDA58038}.Release|x64.Build.0 = Release|Any CPU
		{8406CE3D-68BD-4923-BFCC-2202DDA58038}.Release|x86.ActiveCfg = Release|Any CPU
		{8406CE3D-68BD-4923-BFCC-2202DDA58038}.Release|x86.Build.0 = Release|Any CPU
		{615EC6F9-DF06-466C-A7A7-62131929CFAA}.Debug|Any CPU.ActiveCfg = Debug|Any CPU
		{615EC6F9-DF06-466C-A7A7-62131929CFAA}.Debug|Any CPU.Build.0 = Debug|Any CPU
		{615EC6F9-DF06-466C-A7A7-62131929CFAA}.Debug|x64.ActiveCfg = Debug|Any CPU
		{615EC6F9-DF06-466C-A7A7-62131929CFAA}.Debug|x64.Build.0 = Debug|Any CPU
		{615EC6F9-DF06-466C-A7A7-62131929CFAA}.Debug|x86.ActiveCfg = Debug|Any CPU
		{615EC6F9-DF06-466C-A7A7-62131929CFAA}.Debug|x86.Build.0 = Debug|Any CPU
		{615EC6F9-DF06-466C-A7A7-62131929CFAA}.Release|Any CPU.ActiveCfg = Release|Any CPU
		{615EC6F9-DF06-466C-A7A7-62131929CFAA}.Release|Any CPU.Build.0 = Release|Any CPU
		{615EC6F9-DF06-466C-A7A7-62131929CFAA}.Release|x64.ActiveCfg = Release|Any CPU
		{615EC6F9-DF06-466C-A7A7-62131929CFAA}.Release|x64.Build.0 = Release|Any CPU
		{615EC6F9-DF06-466C-A7A7-62131929CFAA}.Release|x86.ActiveCfg = Release|Any CPU
		{615EC6F9-DF06-466C-A7A7-62131929CFAA}.Release|x86.Build.0 = Release|Any CPU
	EndGlobalSection
	GlobalSection(SolutionProperties) = preSolution
		HideSolutionNode = FALSE
	EndGlobalSection
	GlobalSection(NestedProjects) = preSolution
		{8406CE3D-68BD-4923-BFCC-2202DDA58038} = {827E0CD3-B72D-47B6-A68D-7590B98EB39B}
		{615EC6F9-DF06-466C-A7A7-62131929CFAA} = {0AB3BF05-4346-4AA6-1389-037BE0695223}
	EndGlobalSection
EndGlobal
